
Microsoft Visual Studio Solution File, Format Version 12.00
# Visual Studio Version 16
VisualStudioVersion = 16.0.30204.135
MinimumVisualStudioVersion = 10.0.40219.1
Project("{FAE04EC0-301F-11D3-BF4B-00C04F79EFBC}") = "IntegriDATA", "IntegriDATA\IntegriDATA.csproj", "{00B76040-A5C6-4173-BFF2-4268AF5559A3}"
EndProject
Global
	GlobalSection(SolutionConfigurationPlatforms) = preSolution
		Debug|Any CPU = Debug|Any CPU
		Release|Any CPU = Release|Any CPU
	EndGlobalSection
	GlobalSection(ProjectConfigurationPlatforms) = postSolution
		{00B76040-A5C6-4173-BFF2-4268AF5559A3}.Debug|Any CPU.ActiveCfg = Debug|Any CPU
		{00B76040-A5C6-4173-BFF2-4268AF5559A3}.Debug|Any CPU.Build.0 = Debug|Any CPU
		{00B76040-A5C6-4173-BFF2-4268AF5559A3}.Release|Any CPU.ActiveCfg = Release|Any CPU
		{00B76040-A5C6-4173-BFF2-4268AF5559A3}.Release|Any CPU.Build.0 = Release|Any CPU
	EndGlobalSection
	GlobalSection(SolutionProperties) = preSolution
		HideSolutionNode = FALSE
	EndGlobalSection
	GlobalSection(ExtensibilityGlobals) = postSolution
		SolutionGuid = {7C469A66-A7E9-432E-BF3A-4B543B16F7E8}
	EndGlobalSection
EndGlobal
